
Microsoft Visual Studio Solution File, Format Version 12.00
# Visual Studio Version 17
VisualStudioVersion = 17.9.34701.34
MinimumVisualStudioVersion = 10.0.40219.1
Project("{00D1A9C2-B5F0-4AF3-8072-F6C62B433612}") = "SqlFundamentals", "SqlFundamentals\SqlFundamentals.sqlproj", "{01FFF250-636F-4969-ABCE-A0B867376F02}"
EndProject
Global
	GlobalSection(SolutionConfigurationPlatforms) = preSolution
		Debug|Any CPU = Debug|Any CPU
		Release|Any CPU = Release|Any CPU
	EndGlobalSection
	GlobalSection(ProjectConfigurationPlatforms) = postSolution
		{01FFF250-636F-4969-ABCE-A0B867376F02}.Debug|Any CPU.ActiveCfg = Debug|Any CPU
		{01FFF250-636F-4969-ABCE-A0B867376F02}.Debug|Any CPU.Build.0 = Debug|Any CPU
		{01FFF250-636F-4969-ABCE-A0B867376F02}.Debug|Any CPU.Deploy.0 = Debug|Any CPU
		{01FFF250-636F-4969-ABCE-A0B867376F02}.Release|Any CPU.ActiveCfg = Release|Any CPU
		{01FFF250-636F-4969-ABCE-A0B867376F02}.Release|Any CPU.Build.0 = Release|Any CPU
		{01FFF250-636F-4969-ABCE-A0B867376F02}.Release|Any CPU.Deploy.0 = Release|Any CPU
	EndGlobalSection
	GlobalSection(SolutionProperties) = preSolution
		HideSolutionNode = FALSE
	EndGlobalSection
	GlobalSection(ExtensibilityGlobals) = postSolution
		SolutionGuid = {4B27470D-969F-4557-9E80-066E91DEBBE8}
	EndGlobalSection
EndGlobal
